// !$*UTF8*$!
{
	archiveVersion = 1;
	classes = {
	};
	objectVersion = 55;
	objects = {

/* Begin PBXBuildFile section */
		8F0EFDC02837AA3C00CBE23A /* NetworkController.swift in Sources */ = {isa = PBXBuildFile; fileRef = 8F0EFDBF2837AA3C00CBE23A /* NetworkController.swift */; };
		8F0EFDC22837B2BF00CBE23A /* APIError.swift in Sources */ = {isa = PBXBuildFile; fileRef = 8F0EFDC12837B2BF00CBE23A /* APIError.swift */; };
		8F0EFDC42837B3FA00CBE23A /* Routable.swift in Sources */ = {isa = PBXBuildFile; fileRef = 8F0EFDC32837B3FA00CBE23A /* Routable.swift */; };
		8F0EFDC62837B7DA00CBE23A /* AuthType.swift in Sources */ = {isa = PBXBuildFile; fileRef = 8F0EFDC52837B7DA00CBE23A /* AuthType.swift */; };
		8F0EFDCA2837B81200CBE23A /* FlickrRoute.swift in Sources */ = {isa = PBXBuildFile; fileRef = 8F0EFDC92837B81200CBE23A /* FlickrRoute.swift */; };
		8F0EFDCC2837B9CA00CBE23A /* BaseURL.swift in Sources */ = {isa = PBXBuildFile; fileRef = 8F0EFDCB2837B9CA00CBE23A /* BaseURL.swift */; };
		8F0EFDCF2837BF5100CBE23A /* FlickrModel.swift in Sources */ = {isa = PBXBuildFile; fileRef = 8F0EFDCE2837BF5100CBE23A /* FlickrModel.swift */; };
		8F0EFDD12837C10D00CBE23A /* PageModel.swift in Sources */ = {isa = PBXBuildFile; fileRef = 8F0EFDD02837C10D00CBE23A /* PageModel.swift */; };
		8F0EFDD32837C11600CBE23A /* PhotoModel.swift in Sources */ = {isa = PBXBuildFile; fileRef = 8F0EFDD22837C11600CBE23A /* PhotoModel.swift */; };
		8F0EFDD92837C1CC00CBE23A /* HomeViewModel.swift in Sources */ = {isa = PBXBuildFile; fileRef = 8F0EFDD82837C1CC00CBE23A /* HomeViewModel.swift */; };
		8F0EFDDD2837C88D00CBE23A /* HomeInteractor.swift in Sources */ = {isa = PBXBuildFile; fileRef = 8F0EFDDC2837C88D00CBE23A /* HomeInteractor.swift */; };
		8F0EFDE02837C90B00CBE23A /* HomeWebRepository.swift in Sources */ = {isa = PBXBuildFile; fileRef = 8F0EFDDF2837C90B00CBE23A /* HomeWebRepository.swift */; };
		8F0EFDE32837DB2F00CBE23A /* APIKey.swift in Sources */ = {isa = PBXBuildFile; fileRef = 8F0EFDE22837DB2F00CBE23A /* APIKey.swift */; };
		8F0EFDE62837E15E00CBE23A /* UIStoryboard+Instantiate.swift in Sources */ = {isa = PBXBuildFile; fileRef = 8F0EFDE52837E15E00CBE23A /* UIStoryboard+Instantiate.swift */; };
		8F0EFDE92837E2FB00CBE23A /* DependencyInjector.swift in Sources */ = {isa = PBXBuildFile; fileRef = 8F0EFDE82837E2FB00CBE23A /* DependencyInjector.swift */; };
		8F0EFDED2837EA3C00CBE23A /* ImageCell.swift in Sources */ = {isa = PBXBuildFile; fileRef = 8F0EFDEB2837EA3C00CBE23A /* ImageCell.swift */; };
		8F0EFDEE2837EA3C00CBE23A /* ImageCell.xib in Resources */ = {isa = PBXBuildFile; fileRef = 8F0EFDEC2837EA3C00CBE23A /* ImageCell.xib */; };
		8F41B8142837A1D00087F97E /* AppDelegate.swift in Sources */ = {isa = PBXBuildFile; fileRef = 8F41B8132837A1D00087F97E /* AppDelegate.swift */; };
		8F41B8162837A1D00087F97E /* SceneDelegate.swift in Sources */ = {isa = PBXBuildFile; fileRef = 8F41B8152837A1D00087F97E /* SceneDelegate.swift */; };
		8F41B8182837A1D00087F97E /* HomeVC.swift in Sources */ = {isa = PBXBuildFile; fileRef = 8F41B8172837A1D00087F97E /* HomeVC.swift */; };
		8F41B81B2837A1D00087F97E /* Home.storyboard in Resources */ = {isa = PBXBuildFile; fileRef = 8F41B8192837A1D00087F97E /* Home.storyboard */; };
		8F41B81D2837A1D30087F97E /* Assets.xcassets in Resources */ = {isa = PBXBuildFile; fileRef = 8F41B81C2837A1D30087F97E /* Assets.xcassets */; };
		8F41B8202837A1D30087F97E /* LaunchScreen.storyboard in Resources */ = {isa = PBXBuildFile; fileRef = 8F41B81E2837A1D30087F97E /* LaunchScreen.storyboard */; };
		8F41B8482837A3C10087F97E /* NetworkProtocol.swift in Sources */ = {isa = PBXBuildFile; fileRef = 8F41B8472837A3C10087F97E /* NetworkProtocol.swift */; };
		8F41B84A2837A4080087F97E /* ServiceProtocol.swift in Sources */ = {isa = PBXBuildFile; fileRef = 8F41B8492837A4080087F97E /* ServiceProtocol.swift */; };
		8FBD53BB28380BCC0016F307 /* HomeVCTests.swift in Sources */ = {isa = PBXBuildFile; fileRef = 8FBD53BA28380BCC0016F307 /* HomeVCTests.swift */; };
		8FBD53C328380EAC0016F307 /* UICollectionView+Reuse.swift in Sources */ = {isa = PBXBuildFile; fileRef = 8FBD53C228380EAC0016F307 /* UICollectionView+Reuse.swift */; };
		A47CDA109F5B82F65115D038 /* Pods_FlickrFetcherTests.framework in Frameworks */ = {isa = PBXBuildFile; fileRef = 86C46C1E0C6B0360126BEAB6 /* Pods_FlickrFetcherTests.framework */; };
		FB6F92F848FF97D6D9782527 /* Pods_FlickrFetcher.framework in Frameworks */ = {isa = PBXBuildFile; fileRef = A76460B335C539EEA4CC4F9C /* Pods_FlickrFetcher.framework */; };
/* End PBXBuildFile section */

/* Begin PBXContainerItemProxy section */
		8FBD53BC28380BCC0016F307 /* PBXContainerItemProxy */ = {
			isa = PBXContainerItemProxy;
			containerPortal = 8F41B8082837A1D00087F97E /* Project object */;
			proxyType = 1;
			remoteGlobalIDString = 8F41B80F2837A1D00087F97E;
			remoteInfo = FlickrFetcher;
		};
/* End PBXContainerItemProxy section */

/* Begin PBXFileReference section */
		16BC4973C0BC0B47447FE96A /* Pods-FlickrFetcher.release.xcconfig */ = {isa = PBXFileReference; includeInIndex = 1; lastKnownFileType = text.xcconfig; name = "Pods-FlickrFetcher.release.xcconfig"; path = "Target Support Files/Pods-FlickrFetcher/Pods-FlickrFetcher.release.xcconfig"; sourceTree = "<group>"; };
		339E1994F28DCD0EF0D2B90C /* Pods-FlickrFetcherTests.debug.xcconfig */ = {isa = PBXFileReference; includeInIndex = 1; lastKnownFileType = text.xcconfig; name = "Pods-FlickrFetcherTests.debug.xcconfig"; path = "Target Support Files/Pods-FlickrFetcherTests/Pods-FlickrFetcherTests.debug.xcconfig"; sourceTree = "<group>"; };
		4BF4262710C57F79D61ACDFA /* Pods-FlickrFetcherTests.release.xcconfig */ = {isa = PBXFileReference; includeInIndex = 1; lastKnownFileType = text.xcconfig; name = "Pods-FlickrFetcherTests.release.xcconfig"; path = "Target Support Files/Pods-FlickrFetcherTests/Pods-FlickrFetcherTests.release.xcconfig"; sourceTree = "<group>"; };
		85455D75473394AA9EF555BB /* Pods-FlickrFetcher.debug.xcconfig */ = {isa = PBXFileReference; includeInIndex = 1; lastKnownFileType = text.xcconfig; name = "Pods-FlickrFetcher.debug.xcconfig"; path = "Target Support Files/Pods-FlickrFetcher/Pods-FlickrFetcher.debug.xcconfig"; sourceTree = "<group>"; };
		86C46C1E0C6B0360126BEAB6 /* Pods_FlickrFetcherTests.framework */ = {isa = PBXFileReference; explicitFileType = wrapper.framework; includeInIndex = 0; path = Pods_FlickrFetcherTests.framework; sourceTree = BUILT_PRODUCTS_DIR; };
		8F0EFDBF2837AA3C00CBE23A /* NetworkController.swift */ = {isa = PBXFileReference; fileEncoding = 4; lastKnownFileType = sourcecode.swift; path = NetworkController.swift; sourceTree = "<group>"; };
		8F0EFDC12837B2BF00CBE23A /* APIError.swift */ = {isa = PBXFileReference; lastKnownFileType = sourcecode.swift; path = APIError.swift; sourceTree = "<group>"; };
		8F0EFDC32837B3FA00CBE23A /* Routable.swift */ = {isa = PBXFileReference; lastKnownFileType = sourcecode.swift; path = Routable.swift; sourceTree = "<group>"; };
		8F0EFDC52837B7DA00CBE23A /* AuthType.swift */ = {isa = PBXFileReference; lastKnownFileType = sourcecode.swift; path = AuthType.swift; sourceTree = "<group>"; };
		8F0EFDC92837B81200CBE23A /* FlickrRoute.swift */ = {isa = PBXFileReference; lastKnownFileType = sourcecode.swift; path = FlickrRoute.swift; sourceTree = "<group>"; };
		8F0EFDCB2837B9CA00CBE23A /* BaseURL.swift */ = {isa = PBXFileReference; lastKnownFileType = sourcecode.swift; path = BaseURL.swift; sourceTree = "<group>"; };
		8F0EFDCE2837BF5100CBE23A /* FlickrModel.swift */ = {isa = PBXFileReference; lastKnownFileType = sourcecode.swift; path = FlickrModel.swift; sourceTree = "<group>"; };
		8F0EFDD02837C10D00CBE23A /* PageModel.swift */ = {isa = PBXFileReference; lastKnownFileType = sourcecode.swift; path = PageModel.swift; sourceTree = "<group>"; };
		8F0EFDD22837C11600CBE23A /* PhotoModel.swift */ = {isa = PBXFileReference; lastKnownFileType = sourcecode.swift; path = PhotoModel.swift; sourceTree = "<group>"; };
		8F0EFDD82837C1CC00CBE23A /* HomeViewModel.swift */ = {isa = PBXFileReference; lastKnownFileType = sourcecode.swift; path = HomeViewModel.swift; sourceTree = "<group>"; };
		8F0EFDDC2837C88D00CBE23A /* HomeInteractor.swift */ = {isa = PBXFileReference; lastKnownFileType = sourcecode.swift; path = HomeInteractor.swift; sourceTree = "<group>"; };
		8F0EFDDF2837C90B00CBE23A /* HomeWebRepository.swift */ = {isa = PBXFileReference; lastKnownFileType = sourcecode.swift; path = HomeWebRepository.swift; sourceTree = "<group>"; };
		8F0EFDE22837DB2F00CBE23A /* APIKey.swift */ = {isa = PBXFileReference; lastKnownFileType = sourcecode.swift; path = APIKey.swift; sourceTree = "<group>"; };
		8F0EFDE52837E15E00CBE23A /* UIStoryboard+Instantiate.swift */ = {isa = PBXFileReference; lastKnownFileType = sourcecode.swift; path = "UIStoryboard+Instantiate.swift"; sourceTree = "<group>"; };
		8F0EFDE82837E2FB00CBE23A /* DependencyInjector.swift */ = {isa = PBXFileReference; lastKnownFileType = sourcecode.swift; path = DependencyInjector.swift; sourceTree = "<group>"; };
		8F0EFDEB2837EA3C00CBE23A /* ImageCell.swift */ = {isa = PBXFileReference; lastKnownFileType = sourcecode.swift; path = ImageCell.swift; sourceTree = "<group>"; };
		8F0EFDEC2837EA3C00CBE23A /* ImageCell.xib */ = {isa = PBXFileReference; lastKnownFileType = file.xib; path = ImageCell.xib; sourceTree = "<group>"; };
		8F41B8102837A1D00087F97E /* FlickrFetcher.app */ = {isa = PBXFileReference; explicitFileType = wrapper.application; includeInIndex = 0; path = FlickrFetcher.app; sourceTree = BUILT_PRODUCTS_DIR; };
		8F41B8132837A1D00087F97E /* AppDelegate.swift */ = {isa = PBXFileReference; lastKnownFileType = sourcecode.swift; path = AppDelegate.swift; sourceTree = "<group>"; };
		8F41B8152837A1D00087F97E /* SceneDelegate.swift */ = {isa = PBXFileReference; lastKnownFileType = sourcecode.swift; path = SceneDelegate.swift; sourceTree = "<group>"; };
		8F41B8172837A1D00087F97E /* HomeVC.swift */ = {isa = PBXFileReference; lastKnownFileType = sourcecode.swift; path = HomeVC.swift; sourceTree = "<group>"; };
		8F41B81A2837A1D00087F97E /* Base */ = {isa = PBXFileReference; lastKnownFileType = file.storyboard; name = Base; path = Base.lproj/Home.storyboard; sourceTree = "<group>"; };
		8F41B81C2837A1D30087F97E /* Assets.xcassets */ = {isa = PBXFileReference; lastKnownFileType = folder.assetcatalog; path = Assets.xcassets; sourceTree = "<group>"; };
		8F41B81F2837A1D30087F97E /* Base */ = {isa = PBXFileReference; lastKnownFileType = file.storyboard; name = Base; path = Base.lproj/LaunchScreen.storyboard; sourceTree = "<group>"; };
		8F41B8212837A1D30087F97E /* Info.plist */ = {isa = PBXFileReference; lastKnownFileType = text.plist.xml; path = Info.plist; sourceTree = "<group>"; };
		8F41B8472837A3C10087F97E /* NetworkProtocol.swift */ = {isa = PBXFileReference; fileEncoding = 4; lastKnownFileType = sourcecode.swift; path = NetworkProtocol.swift; sourceTree = "<group>"; };
		8F41B8492837A4080087F97E /* ServiceProtocol.swift */ = {isa = PBXFileReference; fileEncoding = 4; lastKnownFileType = sourcecode.swift; path = ServiceProtocol.swift; sourceTree = "<group>"; };
		8FBD53B828380BCB0016F307 /* FlickrFetcherTests.xctest */ = {isa = PBXFileReference; explicitFileType = wrapper.cfbundle; includeInIndex = 0; path = FlickrFetcherTests.xctest; sourceTree = BUILT_PRODUCTS_DIR; };
		8FBD53BA28380BCC0016F307 /* HomeVCTests.swift */ = {isa = PBXFileReference; lastKnownFileType = sourcecode.swift; path = HomeVCTests.swift; sourceTree = "<group>"; };
		8FBD53C228380EAC0016F307 /* UICollectionView+Reuse.swift */ = {isa = PBXFileReference; lastKnownFileType = sourcecode.swift; path = "UICollectionView+Reuse.swift"; sourceTree = "<group>"; };
		A76460B335C539EEA4CC4F9C /* Pods_FlickrFetcher.framework */ = {isa = PBXFileReference; explicitFileType = wrapper.framework; includeInIndex = 0; path = Pods_FlickrFetcher.framework; sourceTree = BUILT_PRODUCTS_DIR; };
/* End PBXFileReference section */

/* Begin PBXFrameworksBuildPhase section */
		8F41B80D2837A1D00087F97E /* Frameworks */ = {
			isa = PBXFrameworksBuildPhase;
			buildActionMask = 2147483647;
			files = (
				FB6F92F848FF97D6D9782527 /* Pods_FlickrFetcher.framework in Frameworks */,
			);
			runOnlyForDeploymentPostprocessing = 0;
		};
		8FBD53B528380BCB0016F307 /* Frameworks */ = {
			isa = PBXFrameworksBuildPhase;
			buildActionMask = 2147483647;
			files = (
				A47CDA109F5B82F65115D038 /* Pods_FlickrFetcherTests.framework in Frameworks */,
			);
			runOnlyForDeploymentPostprocessing = 0;
		};
/* End PBXFrameworksBuildPhase section */

/* Begin PBXGroup section */
		65C331822D41F0D48DD21722 /* Pods */ = {
			isa = PBXGroup;
			children = (
				85455D75473394AA9EF555BB /* Pods-FlickrFetcher.debug.xcconfig */,
				16BC4973C0BC0B47447FE96A /* Pods-FlickrFetcher.release.xcconfig */,
				339E1994F28DCD0EF0D2B90C /* Pods-FlickrFetcherTests.debug.xcconfig */,
				4BF4262710C57F79D61ACDFA /* Pods-FlickrFetcherTests.release.xcconfig */,
			);
			path = Pods;
			sourceTree = "<group>";
		};
		66C1C88478F92C1AC5BE6208 /* Frameworks */ = {
			isa = PBXGroup;
			children = (
				A76460B335C539EEA4CC4F9C /* Pods_FlickrFetcher.framework */,
				86C46C1E0C6B0360126BEAB6 /* Pods_FlickrFetcherTests.framework */,
			);
			name = Frameworks;
			sourceTree = "<group>";
		};
		8F0EFDC72837B7EB00CBE23A /* Data */ = {
			isa = PBXGroup;
			children = (
				8F0EFDDE2837C8FD00CBE23A /* Repositories */,
				8F0EFDCD2837BF3500CBE23A /* Entities */,
				8F0EFDC82837B80200CBE23A /* Routes */,
				8F41B8432837A2AE0087F97E /* Network */,
				8F0EFDE22837DB2F00CBE23A /* APIKey.swift */,
			);
			path = Data;
			sourceTree = "<group>";
		};
		8F0EFDC82837B80200CBE23A /* Routes */ = {
			isa = PBXGroup;
			children = (
				8F0EFDC92837B81200CBE23A /* FlickrRoute.swift */,
			);
			path = Routes;
			sourceTree = "<group>";
		};
		8F0EFDCD2837BF3500CBE23A /* Entities */ = {
			isa = PBXGroup;
			children = (
				8F0EFDCE2837BF5100CBE23A /* FlickrModel.swift */,
				8F0EFDD02837C10D00CBE23A /* PageModel.swift */,
				8F0EFDD22837C11600CBE23A /* PhotoModel.swift */,
			);
			path = Entities;
			sourceTree = "<group>";
		};
		8F0EFDD42837C18500CBE23A /* Presentaiton */ = {
			isa = PBXGroup;
			children = (
				8F41B81E2837A1D30087F97E /* LaunchScreen.storyboard */,
				8F0EFDD52837C1A100CBE23A /* Home */,
			);
			path = Presentaiton;
			sourceTree = "<group>";
		};
		8F0EFDD52837C1A100CBE23A /* Home */ = {
			isa = PBXGroup;
			children = (
				8F0EFDD72837C1AD00CBE23A /* ViewModel */,
				8F0EFDD62837C1A800CBE23A /* Views */,
			);
			path = Home;
			sourceTree = "<group>";
		};
		8F0EFDD62837C1A800CBE23A /* Views */ = {
			isa = PBXGroup;
			children = (
				8F0EFDEA2837EA2100CBE23A /* ImageCell */,
				8F41B8172837A1D00087F97E /* HomeVC.swift */,
				8F41B8192837A1D00087F97E /* Home.storyboard */,
			);
			path = Views;
			sourceTree = "<group>";
		};
		8F0EFDD72837C1AD00CBE23A /* ViewModel */ = {
			isa = PBXGroup;
			children = (
				8F0EFDD82837C1CC00CBE23A /* HomeViewModel.swift */,
			);
			path = ViewModel;
			sourceTree = "<group>";
		};
		8F0EFDDA2837C87600CBE23A /* Domain */ = {
			isa = PBXGroup;
			children = (
				8F0EFDDB2837C87D00CBE23A /* Interactors */,
			);
			path = Domain;
			sourceTree = "<group>";
		};
		8F0EFDDB2837C87D00CBE23A /* Interactors */ = {
			isa = PBXGroup;
			children = (
				8F0EFDDC2837C88D00CBE23A /* HomeInteractor.swift */,
			);
			path = Interactors;
			sourceTree = "<group>";
		};
		8F0EFDDE2837C8FD00CBE23A /* Repositories */ = {
			isa = PBXGroup;
			children = (
				8F0EFDE12837C90F00CBE23A /* Web */,
			);
			path = Repositories;
			sourceTree = "<group>";
		};
		8F0EFDE12837C90F00CBE23A /* Web */ = {
			isa = PBXGroup;
			children = (
				8F0EFDDF2837C90B00CBE23A /* HomeWebRepository.swift */,
			);
			path = Web;
			sourceTree = "<group>";
		};
		8F0EFDE42837E14700CBE23A /* Extensions */ = {
			isa = PBXGroup;
			children = (
				8F0EFDE52837E15E00CBE23A /* UIStoryboard+Instantiate.swift */,
				8FBD53C228380EAC0016F307 /* UICollectionView+Reuse.swift */,
			);
			path = Extensions;
			sourceTree = "<group>";
		};
		8F0EFDE72837E2DE00CBE23A /* Application */ = {
			isa = PBXGroup;
			children = (
				8F41B8132837A1D00087F97E /* AppDelegate.swift */,
				8F41B8152837A1D00087F97E /* SceneDelegate.swift */,
				8F0EFDE82837E2FB00CBE23A /* DependencyInjector.swift */,
			);
			path = Application;
			sourceTree = "<group>";
		};
		8F0EFDEA2837EA2100CBE23A /* ImageCell */ = {
			isa = PBXGroup;
			children = (
				8F0EFDEB2837EA3C00CBE23A /* ImageCell.swift */,
				8F0EFDEC2837EA3C00CBE23A /* ImageCell.xib */,
			);
			path = ImageCell;
			sourceTree = "<group>";
		};
		8F41B8072837A1D00087F97E = {
			isa = PBXGroup;
			children = (
				8F41B8122837A1D00087F97E /* FlickrFetcher */,
				8FBD53B928380BCC0016F307 /* FlickrFetcherTests */,
				8F41B8112837A1D00087F97E /* Products */,
				65C331822D41F0D48DD21722 /* Pods */,
				66C1C88478F92C1AC5BE6208 /* Frameworks */,
			);
			sourceTree = "<group>";
		};
		8F41B8112837A1D00087F97E /* Products */ = {
			isa = PBXGroup;
			children = (
				8F41B8102837A1D00087F97E /* FlickrFetcher.app */,
				8FBD53B828380BCB0016F307 /* FlickrFetcherTests.xctest */,
			);
			name = Products;
			sourceTree = "<group>";
		};
		8F41B8122837A1D00087F97E /* FlickrFetcher */ = {
			isa = PBXGroup;
			children = (
				8F0EFDE72837E2DE00CBE23A /* Application */,
				8F0EFDC72837B7EB00CBE23A /* Data */,
				8F0EFDDA2837C87600CBE23A /* Domain */,
				8F0EFDE42837E14700CBE23A /* Extensions */,
				8F0EFDD42837C18500CBE23A /* Presentaiton */,
				8F58E77C2838001E00D21701 /* Resources */,
			);
			path = FlickrFetcher;
			sourceTree = "<group>";
		};
		8F41B8432837A2AE0087F97E /* Network */ = {
			isa = PBXGroup;
			children = (
				8F0EFDC12837B2BF00CBE23A /* APIError.swift */,
				8F0EFDBF2837AA3C00CBE23A /* NetworkController.swift */,
				8F41B8472837A3C10087F97E /* NetworkProtocol.swift */,
				8F0EFDC32837B3FA00CBE23A /* Routable.swift */,
				8F41B8492837A4080087F97E /* ServiceProtocol.swift */,
				8F0EFDC52837B7DA00CBE23A /* AuthType.swift */,
				8F0EFDCB2837B9CA00CBE23A /* BaseURL.swift */,
			);
			path = Network;
			sourceTree = "<group>";
		};
		8F58E77C2838001E00D21701 /* Resources */ = {
			isa = PBXGroup;
			children = (
				8F41B8212837A1D30087F97E /* Info.plist */,
				8F41B81C2837A1D30087F97E /* Assets.xcassets */,
			);
			path = Resources;
			sourceTree = "<group>";
		};
		8FBD53B928380BCC0016F307 /* FlickrFetcherTests */ = {
			isa = PBXGroup;
			children = (
				8FBD53C4283812770016F307 /* Cases */,
				8FBD53BA28380BCC0016F307 /* HomeVCTests.swift */,
			);
			path = FlickrFetcherTests;
			sourceTree = "<group>";
		};
		8FBD53C4283812770016F307 /* Cases */ = {
			isa = PBXGroup;
			children = (
			);
			path = Cases;
			sourceTree = "<group>";
		};
/* End PBXGroup section */

/* Begin PBXNativeTarget section */
		8F41B80F2837A1D00087F97E /* FlickrFetcher */ = {
			isa = PBXNativeTarget;
			buildConfigurationList = 8F41B83A2837A1D30087F97E /* Build configuration list for PBXNativeTarget "FlickrFetcher" */;
			buildPhases = (
				A6E98BF72D2E536A2A31232E /* [CP] Check Pods Manifest.lock */,
				8F41B80C2837A1D00087F97E /* Sources */,
				8F41B80D2837A1D00087F97E /* Frameworks */,
				8F41B80E2837A1D00087F97E /* Resources */,
				B38306C08C00D092C21BCA82 /* [CP] Embed Pods Frameworks */,
				8FBD53C128380DEF0016F307 /* ShellScript */,
			);
			buildRules = (
			);
			dependencies = (
			);
			name = FlickrFetcher;
			productName = FlickrFetcher;
			productReference = 8F41B8102837A1D00087F97E /* FlickrFetcher.app */;
			productType = "com.apple.product-type.application";
		};
		8FBD53B728380BCB0016F307 /* FlickrFetcherTests */ = {
			isa = PBXNativeTarget;
			buildConfigurationList = 8FBD53BE28380BCC0016F307 /* Build configuration list for PBXNativeTarget "FlickrFetcherTests" */;
			buildPhases = (
				2C848094F5D2770CD90BA8FD /* [CP] Check Pods Manifest.lock */,
				8FBD53B428380BCB0016F307 /* Sources */,
				8FBD53B528380BCB0016F307 /* Frameworks */,
				8FBD53B628380BCB0016F307 /* Resources */,
			);
			buildRules = (
			);
			dependencies = (
				8FBD53BD28380BCC0016F307 /* PBXTargetDependency */,
			);
			name = FlickrFetcherTests;
			productName = FlickrFetcherTests;
			productReference = 8FBD53B828380BCB0016F307 /* FlickrFetcherTests.xctest */;
			productType = "com.apple.product-type.bundle.unit-test";
		};
/* End PBXNativeTarget section */

/* Begin PBXProject section */
		8F41B8082837A1D00087F97E /* Project object */ = {
			isa = PBXProject;
			attributes = {
				BuildIndependentTargetsInParallel = 1;
				LastSwiftUpdateCheck = 1330;
				LastUpgradeCheck = 1330;
				TargetAttributes = {
					8F41B80F2837A1D00087F97E = {
						CreatedOnToolsVersion = 13.3.1;
					};
					8FBD53B728380BCB0016F307 = {
						CreatedOnToolsVersion = 13.3.1;
						TestTargetID = 8F41B80F2837A1D00087F97E;
					};
				};
			};
			buildConfigurationList = 8F41B80B2837A1D00087F97E /* Build configuration list for PBXProject "FlickrFetcher" */;
			compatibilityVersion = "Xcode 13.0";
			developmentRegion = en;
			hasScannedForEncodings = 0;
			knownRegions = (
				en,
				Base,
			);
			mainGroup = 8F41B8072837A1D00087F97E;
			productRefGroup = 8F41B8112837A1D00087F97E /* Products */;
			projectDirPath = "";
			projectRoot = "";
			targets = (
				8F41B80F2837A1D00087F97E /* FlickrFetcher */,
				8FBD53B728380BCB0016F307 /* FlickrFetcherTests */,
			);
		};
/* End PBXProject section */

/* Begin PBXResourcesBuildPhase section */
		8F41B80E2837A1D00087F97E /* Resources */ = {
			isa = PBXResourcesBuildPhase;
			buildActionMask = 2147483647;
			files = (
				8F41B8202837A1D30087F97E /* LaunchScreen.storyboard in Resources */,
				8F0EFDEE2837EA3C00CBE23A /* ImageCell.xib in Resources */,
				8F41B81D2837A1D30087F97E /* Assets.xcassets in Resources */,
				8F41B81B2837A1D00087F97E /* Home.storyboard in Resources */,
			);
			runOnlyForDeploymentPostprocessing = 0;
		};
		8FBD53B628380BCB0016F307 /* Resources */ = {
			isa = PBXResourcesBuildPhase;
			buildActionMask = 2147483647;
			files = (
			);
			runOnlyForDeploymentPostprocessing = 0;
		};
/* End PBXResourcesBuildPhase section */

/* Begin PBXShellScriptBuildPhase section */
		2C848094F5D2770CD90BA8FD /* [CP] Check Pods Manifest.lock */ = {
			isa = PBXShellScriptBuildPhase;
			buildActionMask = 2147483647;
			files = (
			);
			inputFileListPaths = (
			);
			inputPaths = (
				"${PODS_PODFILE_DIR_PATH}/Podfile.lock",
				"${PODS_ROOT}/Manifest.lock",
			);
			name = "[CP] Check Pods Manifest.lock";
			outputFileListPaths = (
			);
			outputPaths = (
				"$(DERIVED_FILE_DIR)/Pods-FlickrFetcherTests-checkManifestLockResult.txt",
			);
			runOnlyForDeploymentPostprocessing = 0;
			shellPath = /bin/sh;
			shellScript = "diff \"${PODS_PODFILE_DIR_PATH}/Podfile.lock\" \"${PODS_ROOT}/Manifest.lock\" > /dev/null\nif [ $? != 0 ] ; then\n    # print error to STDERR\n    echo \"error: The sandbox is not in sync with the Podfile.lock. Run 'pod install' or update your CocoaPods installation.\" >&2\n    exit 1\nfi\n# This output is used by Xcode 'outputs' to avoid re-running this script phase.\necho \"SUCCESS\" > \"${SCRIPT_OUTPUT_FILE_0}\"\n";
			showEnvVarsInLog = 0;
		};
		8FBD53C128380DEF0016F307 /* ShellScript */ = {
			isa = PBXShellScriptBuildPhase;
			buildActionMask = 2147483647;
			files = (
			);
			inputFileListPaths = (
			);
			inputPaths = (
			);
			outputFileListPaths = (
			);
			outputPaths = (
			);
			runOnlyForDeploymentPostprocessing = 0;
			shellPath = /bin/sh;
			shellScript = "if test -d \"/opt/homebrew/bin/\"; then\n  PATH=\"/opt/homebrew/bin/:${PATH}\"\nfi\n\nexport PATH\n\nif which swiftlint >/dev/null; then\n  swiftlint\nelse\n  echo \"warning: SwiftLint not installed, download from https://github.com/realm/SwiftLint\"\nfi\n";
		};
		A6E98BF72D2E536A2A31232E /* [CP] Check Pods Manifest.lock */ = {
			isa = PBXShellScriptBuildPhase;
			buildActionMask = 2147483647;
			files = (
			);
			inputFileListPaths = (
			);
			inputPaths = (
				"${PODS_PODFILE_DIR_PATH}/Podfile.lock",
				"${PODS_ROOT}/Manifest.lock",
			);
			name = "[CP] Check Pods Manifest.lock";
			outputFileListPaths = (
			);
			outputPaths = (
				"$(DERIVED_FILE_DIR)/Pods-FlickrFetcher-checkManifestLockResult.txt",
			);
			runOnlyForDeploymentPostprocessing = 0;
			shellPath = /bin/sh;
			shellScript = "diff \"${PODS_PODFILE_DIR_PATH}/Podfile.lock\" \"${PODS_ROOT}/Manifest.lock\" > /dev/null\nif [ $? != 0 ] ; then\n    # print error to STDERR\n    echo \"error: The sandbox is not in sync with the Podfile.lock. Run 'pod install' or update your CocoaPods installation.\" >&2\n    exit 1\nfi\n# This output is used by Xcode 'outputs' to avoid re-running this script phase.\necho \"SUCCESS\" > \"${SCRIPT_OUTPUT_FILE_0}\"\n";
			showEnvVarsInLog = 0;
		};
		B38306C08C00D092C21BCA82 /* [CP] Embed Pods Frameworks */ = {
			isa = PBXShellScriptBuildPhase;
			buildActionMask = 2147483647;
			files = (
			);
			inputFileListPaths = (
				"${PODS_ROOT}/Target Support Files/Pods-FlickrFetcher/Pods-FlickrFetcher-frameworks-${CONFIGURATION}-input-files.xcfilelist",
			);
			name = "[CP] Embed Pods Frameworks";
			outputFileListPaths = (
				"${PODS_ROOT}/Target Support Files/Pods-FlickrFetcher/Pods-FlickrFetcher-frameworks-${CONFIGURATION}-output-files.xcfilelist",
			);
			runOnlyForDeploymentPostprocessing = 0;
			shellPath = /bin/sh;
			shellScript = "\"${PODS_ROOT}/Target Support Files/Pods-FlickrFetcher/Pods-FlickrFetcher-frameworks.sh\"\n";
			showEnvVarsInLog = 0;
		};
/* End PBXShellScriptBuildPhase section */

/* Begin PBXSourcesBuildPhase section */
		8F41B80C2837A1D00087F97E /* Sources */ = {
			isa = PBXSourcesBuildPhase;
			buildActionMask = 2147483647;
			files = (
				8F0EFDCF2837BF5100CBE23A /* FlickrModel.swift in Sources */,
				8F0EFDC02837AA3C00CBE23A /* NetworkController.swift in Sources */,
				8F0EFDE02837C90B00CBE23A /* HomeWebRepository.swift in Sources */,
				8F41B8182837A1D00087F97E /* HomeVC.swift in Sources */,
				8F0EFDDD2837C88D00CBE23A /* HomeInteractor.swift in Sources */,
				8FBD53C328380EAC0016F307 /* UICollectionView+Reuse.swift in Sources */,
				8F0EFDED2837EA3C00CBE23A /* ImageCell.swift in Sources */,
				8F41B8482837A3C10087F97E /* NetworkProtocol.swift in Sources */,
				8F0EFDD32837C11600CBE23A /* PhotoModel.swift in Sources */,
				8F41B84A2837A4080087F97E /* ServiceProtocol.swift in Sources */,
				8F41B8142837A1D00087F97E /* AppDelegate.swift in Sources */,
				8F41B8162837A1D00087F97E /* SceneDelegate.swift in Sources */,
				8F0EFDC62837B7DA00CBE23A /* AuthType.swift in Sources */,
				8F0EFDD12837C10D00CBE23A /* PageModel.swift in Sources */,
				8F0EFDE62837E15E00CBE23A /* UIStoryboard+Instantiate.swift in Sources */,
				8F0EFDC22837B2BF00CBE23A /* APIError.swift in Sources */,
				8F0EFDC42837B3FA00CBE23A /* Routable.swift in Sources */,
				8F0EFDCA2837B81200CBE23A /* FlickrRoute.swift in Sources */,
				8F0EFDE92837E2FB00CBE23A /* DependencyInjector.swift in Sources */,
				8F0EFDD92837C1CC00CBE23A /* HomeViewModel.swift in Sources */,
				8F0EFDE32837DB2F00CBE23A /* APIKey.swift in Sources */,
				8F0EFDCC2837B9CA00CBE23A /* BaseURL.swift in Sources */,
			);
			runOnlyForDeploymentPostprocessing = 0;
		};
		8FBD53B428380BCB0016F307 /* Sources */ = {
			isa = PBXSourcesBuildPhase;
			buildActionMask = 2147483647;
			files = (
				8FBD53BB28380BCC0016F307 /* HomeVCTests.swift in Sources */,
			);
			runOnlyForDeploymentPostprocessing = 0;
		};
/* End PBXSourcesBuildPhase section */

/* Begin PBXTargetDependency section */
		8FBD53BD28380BCC0016F307 /* PBXTargetDependency */ = {
			isa = PBXTargetDependency;
			target = 8F41B80F2837A1D00087F97E /* FlickrFetcher */;
			targetProxy = 8FBD53BC28380BCC0016F307 /* PBXContainerItemProxy */;
		};
/* End PBXTargetDependency section */

/* Begin PBXVariantGroup section */
		8F41B8192837A1D00087F97E /* Home.storyboard */ = {
			isa = PBXVariantGroup;
			children = (
				8F41B81A2837A1D00087F97E /* Base */,
			);
			name = Home.storyboard;
			sourceTree = "<group>";
		};
		8F41B81E2837A1D30087F97E /* LaunchScreen.storyboard */ = {
			isa = PBXVariantGroup;
			children = (
				8F41B81F2837A1D30087F97E /* Base */,
			);
			name = LaunchScreen.storyboard;
			sourceTree = "<group>";
		};
/* End PBXVariantGroup section */

/* Begin XCBuildConfiguration section */
		8F41B8382837A1D30087F97E /* Debug */ = {
			isa = XCBuildConfiguration;
			buildSettings = {
				ALWAYS_SEARCH_USER_PATHS = NO;
				CLANG_ANALYZER_NONNULL = YES;
				CLANG_ANALYZER_NUMBER_OBJECT_CONVERSION = YES_AGGRESSIVE;
				CLANG_CXX_LANGUAGE_STANDARD = "gnu++17";
				CLANG_ENABLE_MODULES = YES;
				CLANG_ENABLE_OBJC_ARC = YES;
				CLANG_ENABLE_OBJC_WEAK = YES;
				CLANG_WARN_BLOCK_CAPTURE_AUTORELEASING = YES;
				CLANG_WARN_BOOL_CONVERSION = YES;
				CLANG_WARN_COMMA = YES;
				CLANG_WARN_CONSTANT_CONVERSION = YES;
				CLANG_WARN_DEPRECATED_OBJC_IMPLEMENTATIONS = YES;
				CLANG_WARN_DIRECT_OBJC_ISA_USAGE = YES_ERROR;
				CLANG_WARN_DOCUMENTATION_COMMENTS = YES;
				CLANG_WARN_EMPTY_BODY = YES;
				CLANG_WARN_ENUM_CONVERSION = YES;
				CLANG_WARN_INFINITE_RECURSION = YES;
				CLANG_WARN_INT_CONVERSION = YES;
				CLANG_WARN_NON_LITERAL_NULL_CONVERSION = YES;
				CLANG_WARN_OBJC_IMPLICIT_RETAIN_SELF = YES;
				CLANG_WARN_OBJC_LITERAL_CONVERSION = YES;
				CLANG_WARN_OBJC_ROOT_CLASS = YES_ERROR;
				CLANG_WARN_QUOTED_INCLUDE_IN_FRAMEWORK_HEADER = YES;
				CLANG_WARN_RANGE_LOOP_ANALYSIS = YES;
				CLANG_WARN_STRICT_PROTOTYPES = YES;
				CLANG_WARN_SUSPICIOUS_MOVE = YES;
				CLANG_WARN_UNGUARDED_AVAILABILITY = YES_AGGRESSIVE;
				CLANG_WARN_UNREACHABLE_CODE = YES;
				CLANG_WARN__DUPLICATE_METHOD_MATCH = YES;
				COPY_PHASE_STRIP = NO;
				DEBUG_INFORMATION_FORMAT = dwarf;
				ENABLE_STRICT_OBJC_MSGSEND = YES;
				ENABLE_TESTABILITY = YES;
				GCC_C_LANGUAGE_STANDARD = gnu11;
				GCC_DYNAMIC_NO_PIC = NO;
				GCC_NO_COMMON_BLOCKS = YES;
				GCC_OPTIMIZATION_LEVEL = 0;
				GCC_PREPROCESSOR_DEFINITIONS = (
					"DEBUG=1",
					"$(inherited)",
				);
				GCC_WARN_64_TO_32_BIT_CONVERSION = YES;
				GCC_WARN_ABOUT_RETURN_TYPE = YES_ERROR;
				GCC_WARN_UNDECLARED_SELECTOR = YES;
				GCC_WARN_UNINITIALIZED_AUTOS = YES_AGGRESSIVE;
				GCC_WARN_UNUSED_FUNCTION = YES;
				GCC_WARN_UNUSED_VARIABLE = YES;
				IPHONEOS_DEPLOYMENT_TARGET = 13.0;
				MTL_ENABLE_DEBUG_INFO = INCLUDE_SOURCE;
				MTL_FAST_MATH = YES;
				ONLY_ACTIVE_ARCH = YES;
				SDKROOT = iphoneos;
				SWIFT_ACTIVE_COMPILATION_CONDITIONS = DEBUG;
				SWIFT_OPTIMIZATION_LEVEL = "-Onone";
			};
			name = Debug;
		};
		8F41B8392837A1D30087F97E /* Release */ = {
			isa = XCBuildConfiguration;
			buildSettings = {
				ALWAYS_SEARCH_USER_PATHS = NO;
				CLANG_ANALYZER_NONNULL = YES;
				CLANG_ANALYZER_NUMBER_OBJECT_CONVERSION = YES_AGGRESSIVE;
				CLANG_CXX_LANGUAGE_STANDARD = "gnu++17";
				CLANG_ENABLE_MODULES = YES;
				CLANG_ENABLE_OBJC_ARC = YES;
				CLANG_ENABLE_OBJC_WEAK = YES;
				CLANG_WARN_BLOCK_CAPTURE_AUTORELEASING = YES;
				CLANG_WARN_BOOL_CONVERSION = YES;
				CLANG_WARN_COMMA = YES;
				CLANG_WARN_CONSTANT_CONVERSION = YES;
				CLANG_WARN_DEPRECATED_OBJC_IMPLEMENTATIONS = YES;
				CLANG_WARN_DIRECT_OBJC_ISA_USAGE = YES_ERROR;
				CLANG_WARN_DOCUMENTATION_COMMENTS = YES;
				CLANG_WARN_EMPTY_BODY = YES;
				CLANG_WARN_ENUM_CONVERSION = YES;
				CLANG_WARN_INFINITE_RECURSION = YES;
				CLANG_WARN_INT_CONVERSION = YES;
				CLANG_WARN_NON_LITERAL_NULL_CONVERSION = YES;
				CLANG_WARN_OBJC_IMPLICIT_RETAIN_SELF = YES;
				CLANG_WARN_OBJC_LITERAL_CONVERSION = YES;
				CLANG_WARN_OBJC_ROOT_CLASS = YES_ERROR;
				CLANG_WARN_QUOTED_INCLUDE_IN_FRAMEWORK_HEADER = YES;
				CLANG_WARN_RANGE_LOOP_ANALYSIS = YES;
				CLANG_WARN_STRICT_PROTOTYPES = YES;
				CLANG_WARN_SUSPICIOUS_MOVE = YES;
				CLANG_WARN_UNGUARDED_AVAILABILITY = YES_AGGRESSIVE;
				CLANG_WARN_UNREACHABLE_CODE = YES;
				CLANG_WARN__DUPLICATE_METHOD_MATCH = YES;
				COPY_PHASE_STRIP = NO;
				DEBUG_INFORMATION_FORMAT = "dwarf-with-dsym";
				ENABLE_NS_ASSERTIONS = NO;
				ENABLE_STRICT_OBJC_MSGSEND = YES;
				GCC_C_LANGUAGE_STANDARD = gnu11;
				GCC_NO_COMMON_BLOCKS = YES;
				GCC_WARN_64_TO_32_BIT_CONVERSION = YES;
				GCC_WARN_ABOUT_RETURN_TYPE = YES_ERROR;
				GCC_WARN_UNDECLARED_SELECTOR = YES;
				GCC_WARN_UNINITIALIZED_AUTOS = YES_AGGRESSIVE;
				GCC_WARN_UNUSED_FUNCTION = YES;
				GCC_WARN_UNUSED_VARIABLE = YES;
				IPHONEOS_DEPLOYMENT_TARGET = 13.0;
				MTL_ENABLE_DEBUG_INFO = NO;
				MTL_FAST_MATH = YES;
				SDKROOT = iphoneos;
				SWIFT_COMPILATION_MODE = wholemodule;
				SWIFT_OPTIMIZATION_LEVEL = "-O";
				VALIDATE_PRODUCT = YES;
			};
			name = Release;
		};
		8F41B83B2837A1D30087F97E /* Debug */ = {
			isa = XCBuildConfiguration;
			baseConfigurationReference = 85455D75473394AA9EF555BB /* Pods-FlickrFetcher.debug.xcconfig */;
			buildSettings = {
				ASSETCATALOG_COMPILER_APPICON_NAME = AppIcon;
				ASSETCATALOG_COMPILER_GLOBAL_ACCENT_COLOR_NAME = AccentColor;
				CODE_SIGN_STYLE = Automatic;
				CURRENT_PROJECT_VERSION = 1;
				DEVELOPMENT_TEAM = Y57FY52VL4;
				GENERATE_INFOPLIST_FILE = YES;
				INFOPLIST_FILE = FlickrFetcher/Resources/Info.plist;
				INFOPLIST_KEY_UIApplicationSupportsIndirectInputEvents = YES;
				INFOPLIST_KEY_UILaunchStoryboardName = LaunchScreen;
				INFOPLIST_KEY_UIMainStoryboardFile = Home;
				INFOPLIST_KEY_UISupportedInterfaceOrientations_iPad = "UIInterfaceOrientationPortrait UIInterfaceOrientationPortraitUpsideDown UIInterfaceOrientationLandscapeLeft UIInterfaceOrientationLandscapeRight";
				INFOPLIST_KEY_UISupportedInterfaceOrientations_iPhone = "UIInterfaceOrientationPortrait UIInterfaceOrientationLandscapeLeft UIInterfaceOrientationLandscapeRight";
				LD_RUNPATH_SEARCH_PATHS = (
					"$(inherited)",
					"@executable_path/Frameworks",
				);
				MARKETING_VERSION = 1.0;
				PRODUCT_BUNDLE_IDENTIFIER = com.khosravinia.FlickrFetcher;
				PRODUCT_NAME = "$(TARGET_NAME)";
				SWIFT_EMIT_LOC_STRINGS = YES;
				SWIFT_VERSION = 5.0;
				TARGETED_DEVICE_FAMILY = "1,2";
			};
			name = Debug;
		};
		8F41B83C2837A1D30087F97E /* Release */ = {
			isa = XCBuildConfiguration;
			baseConfigurationReference = 16BC4973C0BC0B47447FE96A /* Pods-FlickrFetcher.release.xcconfig */;
			buildSettings = {
				ASSETCATALOG_COMPILER_APPICON_NAME = AppIcon;
				ASSETCATALOG_COMPILER_GLOBAL_ACCENT_COLOR_NAME = AccentColor;
				CODE_SIGN_STYLE = Automatic;
				CURRENT_PROJECT_VERSION = 1;
				DEVELOPMENT_TEAM = Y57FY52VL4;
				GENERATE_INFOPLIST_FILE = YES;
				INFOPLIST_FILE = FlickrFetcher/Resources/Info.plist;
				INFOPLIST_KEY_UIApplicationSupportsIndirectInputEvents = YES;
				INFOPLIST_KEY_UILaunchStoryboardName = LaunchScreen;
				INFOPLIST_KEY_UIMainStoryboardFile = Home;
				INFOPLIST_KEY_UISupportedInterfaceOrientations_iPad = "UIInterfaceOrientationPortrait UIInterfaceOrientationPortraitUpsideDown UIInterfaceOrientationLandscapeLeft UIInterfaceOrientationLandscapeRight";
				INFOPLIST_KEY_UISupportedInterfaceOrientations_iPhone = "UIInterfaceOrientationPortrait UIInterfaceOrientationLandscapeLeft UIInterfaceOrientationLandscapeRight";
				LD_RUNPATH_SEARCH_PATHS = (
					"$(inherited)",
					"@executable_path/Frameworks",
				);
				MARKETING_VERSION = 1.0;
				PRODUCT_BUNDLE_IDENTIFIER = com.khosravinia.FlickrFetcher;
				PRODUCT_NAME = "$(TARGET_NAME)";
				SWIFT_EMIT_LOC_STRINGS = YES;
				SWIFT_VERSION = 5.0;
				TARGETED_DEVICE_FAMILY = "1,2";
			};
			name = Release;
		};
		8FBD53BF28380BCC0016F307 /* Debug */ = {
			isa = XCBuildConfiguration;
			baseConfigurationReference = 339E1994F28DCD0EF0D2B90C /* Pods-FlickrFetcherTests.debug.xcconfig */;
			buildSettings = {
				BUNDLE_LOADER = "$(TEST_HOST)";
				CODE_SIGN_STYLE = Automatic;
				CURRENT_PROJECT_VERSION = 1;
				DEVELOPMENT_TEAM = Y57FY52VL4;
				GENERATE_INFOPLIST_FILE = YES;
				IPHONEOS_DEPLOYMENT_TARGET = 15.4;
				MARKETING_VERSION = 1.0;
				PRODUCT_BUNDLE_IDENTIFIER = com.khosravinia.FlickrFetcherTests;
				PRODUCT_NAME = "$(TARGET_NAME)";
				SWIFT_EMIT_LOC_STRINGS = NO;
				SWIFT_VERSION = 5.0;
				TARGETED_DEVICE_FAMILY = "1,2";
				TEST_HOST = "$(BUILT_PRODUCTS_DIR)/FlickrFetcher.app/FlickrFetcher";
			};
			name = Debug;
		};
		8FBD53C028380BCC0016F307 /* Release */ = {
			isa = XCBuildConfiguration;
			baseConfigurationReference = 4BF4262710C57F79D61ACDFA /* Pods-FlickrFetcherTests.release.xcconfig */;
			buildSettings = {
				BUNDLE_LOADER = "$(TEST_HOST)";
				CODE_SIGN_STYLE = Automatic;
				CURRENT_PROJECT_VERSION = 1;
				DEVELOPMENT_TEAM = Y57FY52VL4;
				GENERATE_INFOPLIST_FILE = YES;
				IPHONEOS_DEPLOYMENT_TARGET = 15.4;
				MARKETING_VERSION = 1.0;
				PRODUCT_BUNDLE_IDENTIFIER = com.khosravinia.FlickrFetcherTests;
				PRODUCT_NAME = "$(TARGET_NAME)";
				SWIFT_EMIT_LOC_STRINGS = NO;
				SWIFT_VERSION = 5.0;
				TARGETED_DEVICE_FAMILY = "1,2";
				TEST_HOST = "$(BUILT_PRODUCTS_DIR)/FlickrFetcher.app/FlickrFetcher";
			};
			name = Release;
		};
/* End XCBuildConfiguration section */

/* Begin XCConfigurationList section */
		8F41B80B2837A1D00087F97E /* Build configuration list for PBXProject "FlickrFetcher" */ = {
			isa = XCConfigurationList;
			buildConfigurations = (
				8F41B8382837A1D30087F97E /* Debug */,
				8F41B8392837A1D30087F97E /* Release */,
			);
			defaultConfigurationIsVisible = 0;
			defaultConfigurationName = Release;
		};
		8F41B83A2837A1D30087F97E /* Build configuration list for PBXNativeTarget "FlickrFetcher" */ = {
			isa = XCConfigurationList;
			buildConfigurations = (
				8F41B83B2837A1D30087F97E /* Debug */,
				8F41B83C2837A1D30087F97E /* Release */,
			);
			defaultConfigurationIsVisible = 0;
			defaultConfigurationName = Release;
		};
		8FBD53BE28380BCC0016F307 /* Build configuration list for PBXNativeTarget "FlickrFetcherTests" */ = {
			isa = XCConfigurationList;
			buildConfigurations = (
				8FBD53BF28380BCC0016F307 /* Debug */,
				8FBD53C028380BCC0016F307 /* Release */,
			);
			defaultConfigurationIsVisible = 0;
			defaultConfigurationName = Release;
		};
/* End XCConfigurationList section */
	};
	rootObject = 8F41B8082837A1D00087F97E /* Project object */;
}
